
Microsoft Visual Studio Solution File, Format Version 12.00
# Visual Studio Version 17
VisualStudioVersion = 17.4.33205.214
MinimumVisualStudioVersion = 10.0.40219.1
Project("{FAE04EC0-301F-11D3-BF4B-00C04F79EFBC}") = "CityInfo.API", "CityInfo.API\CityInfo.API.csproj", "{EE8F0752-323D-451A-9E6B-A44165523FEA}"
EndProject
Global
	GlobalSection(SolutionConfigurationPlatforms) = preSolution
		Debug|Any CPU = Debug|Any CPU
		Release|Any CPU = Release|Any CPU
	EndGlobalSection
	GlobalSection(ProjectConfigurationPlatforms) = postSolution
		{EE8F0752-323D-451A-9E6B-A44165523FEA}.Debug|Any CPU.ActiveCfg = Debug|Any CPU
		{EE8F0752-323D-451A-9E6B-A44165523FEA}.Debug|Any CPU.Build.0 = Debug|Any CPU
		{EE8F0752-323D-451A-9E6B-A44165523FEA}.Release|Any CPU.ActiveCfg = Release|Any CPU
		{EE8F0752-323D-451A-9E6B-A44165523FEA}.Release|Any CPU.Build.0 = Release|Any CPU
	EndGlobalSection
	GlobalSection(SolutionProperties) = preSolution
		HideSolutionNode = FALSE
	EndGlobalSection
	GlobalSection(ExtensibilityGlobals) = postSolution
		SolutionGuid = {FB34BBA7-A939-4A81-AEB5-64840E87EAC5}
	EndGlobalSection
EndGlobal
